
Microsoft Visual Studio Solution File, Format Version 12.00
# Visual Studio Version 17
VisualStudioVersion = 17.3.32819.101
MinimumVisualStudioVersion = 10.0.40219.1
Project("{9A19103F-16F7-4668-BE54-9A1E7A4F7556}") = "UniTimetableScheduler.WinForm", "UniTimetableScheduler.WinForm\UniTimetableScheduler.WinForm.csproj", "{8F55681A-989B-4695-8707-8373136ED8D7}"
EndProject
Project("{9A19103F-16F7-4668-BE54-9A1E7A4F7556}") = "UniTimetableScheduler.Model", "UniTimetableScheduler.Model\UniTimetableScheduler.Model.csproj", "{EBD95A30-D2FE-49D6-8D98-C3DF840504B5}"
EndProject
Project("{9A19103F-16F7-4668-BE54-9A1E7A4F7556}") = "UniTimetableScheduler.Algorithm", "UniTimetableScheduler.Algorithm\UniTimetableScheduler.Algorithm.csproj", "{62E97C53-43E1-4093-8EE8-A3249B97FC57}"
EndProject
Global
	GlobalSection(SolutionConfigurationPlatforms) = preSolution
		Debug|Any CPU = Debug|Any CPU
		Release|Any CPU = Release|Any CPU
	EndGlobalSection
	GlobalSection(ProjectConfigurationPlatforms) = postSolution
		{8F55681A-989B-4695-8707-8373136ED8D7}.Debug|Any CPU.ActiveCfg = Debug|Any CPU
		{8F55681A-989B-4695-8707-8373136ED8D7}.Debug|Any CPU.Build.0 = Debug|Any CPU
		{8F55681A-989B-4695-8707-8373136ED8D7}.Release|Any CPU.ActiveCfg = Release|Any CPU
		{8F55681A-989B-4695-8707-8373136ED8D7}.Release|Any CPU.Build.0 = Release|Any CPU
		{EBD95A30-D2FE-49D6-8D98-C3DF840504B5}.Debug|Any CPU.ActiveCfg = Debug|Any CPU
		{EBD95A30-D2FE-49D6-8D98-C3DF840504B5}.Debug|Any CPU.Build.0 = Debug|Any CPU
		{EBD95A30-D2FE-49D6-8D98-C3DF840504B5}.Release|Any CPU.ActiveCfg = Release|Any CPU
		{EBD95A30-D2FE-49D6-8D98-C3DF840504B5}.Release|Any CPU.Build.0 = Release|Any CPU
		{62E97C53-43E1-4093-8EE8-A3249B97FC57}.Debug|Any CPU.ActiveCfg = Debug|Any CPU
		{62E97C53-43E1-4093-8EE8-A3249B97FC57}.Debug|Any CPU.Build.0 = Debug|Any CPU
		{62E97C53-43E1-4093-8EE8-A3249B97FC57}.Release|Any CPU.ActiveCfg = Release|Any CPU
		{62E97C53-43E1-4093-8EE8-A3249B97FC57}.Release|Any CPU.Build.0 = Release|Any CPU
	EndGlobalSection
	GlobalSection(SolutionProperties) = preSolution
		HideSolutionNode = FALSE
	EndGlobalSection
	GlobalSection(ExtensibilityGlobals) = postSolution
		SolutionGuid = {04FAB5B0-9338-48E9-8EF5-8C30EDCE35E4}
	EndGlobalSection
EndGlobal
